
Microsoft Visual Studio Solution File, Format Version 12.00
# Visual Studio Version 17
VisualStudioVersion = 17.5.33530.505
MinimumVisualStudioVersion = 10.0.40219.1
Project("{FAE04EC0-301F-11D3-BF4B-00C04F79EFBC}") = "AppData", "AppData\AppData.csproj", "{2BEFABA6-3E3A-4676-A9AE-F21B1FA93335}"
EndProject
Project("{FAE04EC0-301F-11D3-BF4B-00C04F79EFBC}") = "AppAPI", "AppAPI\AppAPI.csproj", "{0CE7E263-FE3D-467D-817A-971734C18EAD}"
EndProject
Project("{FAE04EC0-301F-11D3-BF4B-00C04F79EFBC}") = "AppView", "AppView\AppView.csproj", "{BBE3BFD9-B0B5-4806-9EC8-029F93D15139}"
EndProject
Global
	GlobalSection(SolutionConfigurationPlatforms) = preSolution
		Debug|Any CPU = Debug|Any CPU
		Release|Any CPU = Release|Any CPU
	EndGlobalSection
	GlobalSection(ProjectConfigurationPlatforms) = postSolution
		{2BEFABA6-3E3A-4676-A9AE-F21B1FA93335}.Debug|Any CPU.ActiveCfg = Debug|Any CPU
		{2BEFABA6-3E3A-4676-A9AE-F21B1FA93335}.Debug|Any CPU.Build.0 = Debug|Any CPU
		{2BEFABA6-3E3A-4676-A9AE-F21B1FA93335}.Release|Any CPU.ActiveCfg = Release|Any CPU
		{2BEFABA6-3E3A-4676-A9AE-F21B1FA93335}.Release|Any CPU.Build.0 = Release|Any CPU
		{0CE7E263-FE3D-467D-817A-971734C18EAD}.Debug|Any CPU.ActiveCfg = Debug|Any CPU
		{0CE7E263-FE3D-467D-817A-971734C18EAD}.Debug|Any CPU.Build.0 = Debug|Any CPU
		{0CE7E263-FE3D-467D-817A-971734C18EAD}.Release|Any CPU.ActiveCfg = Release|Any CPU
		{0CE7E263-FE3D-467D-817A-971734C18EAD}.Release|Any CPU.Build.0 = Release|Any CPU
		{BBE3BFD9-B0B5-4806-9EC8-029F93D15139}.Debug|Any CPU.ActiveCfg = Debug|Any CPU
		{BBE3BFD9-B0B5-4806-9EC8-029F93D15139}.Debug|Any CPU.Build.0 = Debug|Any CPU
		{BBE3BFD9-B0B5-4806-9EC8-029F93D15139}.Release|Any CPU.ActiveCfg = Release|Any CPU
		{BBE3BFD9-B0B5-4806-9EC8-029F93D15139}.Release|Any CPU.Build.0 = Release|Any CPU
	EndGlobalSection
	GlobalSection(SolutionProperties) = preSolution
		HideSolutionNode = FALSE
	EndGlobalSection
	GlobalSection(ExtensibilityGlobals) = postSolution
		SolutionGuid = {9533377F-A3D8-4F4E-8555-60FDC70D1607}
	EndGlobalSection
EndGlobal
